
Microsoft Visual Studio Solution File, Format Version 12.00
# Visual Studio Version 17
VisualStudioVersion = 17.4.33110.190
MinimumVisualStudioVersion = 10.0.40219.1
Project("{FAE04EC0-301F-11D3-BF4B-00C04F79EFBC}") = "Radian to degree", "Radian to degree.csproj", "{EC01B110-66A3-4BC3-9719-D6281BD33F98}"
EndProject
Global
	GlobalSection(SolutionConfigurationPlatforms) = preSolution
		Debug|Any CPU = Debug|Any CPU
		Release|Any CPU = Release|Any CPU
	EndGlobalSection
	GlobalSection(ProjectConfigurationPlatforms) = postSolution
		{EC01B110-66A3-4BC3-9719-D6281BD33F98}.Debug|Any CPU.ActiveCfg = Debug|Any CPU
		{EC01B110-66A3-4BC3-9719-D6281BD33F98}.Debug|Any CPU.Build.0 = Debug|Any CPU
		{EC01B110-66A3-4BC3-9719-D6281BD33F98}.Release|Any CPU.ActiveCfg = Release|Any CPU
		{EC01B110-66A3-4BC3-9719-D6281BD33F98}.Release|Any CPU.Build.0 = Release|Any CPU
	EndGlobalSection
	GlobalSection(SolutionProperties) = preSolution
		HideSolutionNode = FALSE
	EndGlobalSection
	GlobalSection(ExtensibilityGlobals) = postSolution
		SolutionGuid = {B765B843-0EBF-4CAE-9F7C-285E9B215FF4}
	EndGlobalSection
EndGlobal
