
Microsoft Visual Studio Solution File, Format Version 12.00
# Visual Studio Version 17
VisualStudioVersion = 17.3.32929.385
MinimumVisualStudioVersion = 10.0.40219.1
Project("{FAE04EC0-301F-11D3-BF4B-00C04F79EFBC}") = "CS102-Section2", "CS102-Section2.csproj", "{CF604F21-57D8-4663-AC1E-7F489EEFEFA9}"
EndProject
Global
	GlobalSection(SolutionConfigurationPlatforms) = preSolution
		Debug|Any CPU = Debug|Any CPU
		Release|Any CPU = Release|Any CPU
	EndGlobalSection
	GlobalSection(ProjectConfigurationPlatforms) = postSolution
		{CF604F21-57D8-4663-AC1E-7F489EEFEFA9}.Debug|Any CPU.ActiveCfg = Debug|Any CPU
		{CF604F21-57D8-4663-AC1E-7F489EEFEFA9}.Debug|Any CPU.Build.0 = Debug|Any CPU
		{CF604F21-57D8-4663-AC1E-7F489EEFEFA9}.Release|Any CPU.ActiveCfg = Release|Any CPU
		{CF604F21-57D8-4663-AC1E-7F489EEFEFA9}.Release|Any CPU.Build.0 = Release|Any CPU
	EndGlobalSection
	GlobalSection(SolutionProperties) = preSolution
		HideSolutionNode = FALSE
	EndGlobalSection
	GlobalSection(ExtensibilityGlobals) = postSolution
		SolutionGuid = {93087FC4-45FC-4754-9863-C2E54D31E3FC}
	EndGlobalSection
EndGlobal
