
Microsoft Visual Studio Solution File, Format Version 12.00
# Visual Studio Version 17
VisualStudioVersion = 17.4.33110.190
MinimumVisualStudioVersion = 10.0.40219.1
Project("{FAE04EC0-301F-11D3-BF4B-00C04F79EFBC}") = "AREA-PERIMETER-CONSOLE", "AREA-PERIMETER-CONSOLE.csproj", "{EDA7B80F-82E7-4688-90FC-A08F117AEB05}"
EndProject
Global
	GlobalSection(SolutionConfigurationPlatforms) = preSolution
		Debug|Any CPU = Debug|Any CPU
		Release|Any CPU = Release|Any CPU
	EndGlobalSection
	GlobalSection(ProjectConfigurationPlatforms) = postSolution
		{EDA7B80F-82E7-4688-90FC-A08F117AEB05}.Debug|Any CPU.ActiveCfg = Debug|Any CPU
		{EDA7B80F-82E7-4688-90FC-A08F117AEB05}.Debug|Any CPU.Build.0 = Debug|Any CPU
		{EDA7B80F-82E7-4688-90FC-A08F117AEB05}.Release|Any CPU.ActiveCfg = Release|Any CPU
		{EDA7B80F-82E7-4688-90FC-A08F117AEB05}.Release|Any CPU.Build.0 = Release|Any CPU
	EndGlobalSection
	GlobalSection(SolutionProperties) = preSolution
		HideSolutionNode = FALSE
	EndGlobalSection
	GlobalSection(ExtensibilityGlobals) = postSolution
		SolutionGuid = {90B9E09D-7C19-4F9A-AE07-C22D4C522C75}
	EndGlobalSection
EndGlobal
