
Microsoft Visual Studio Solution File, Format Version 12.00
# Visual Studio Version 17
VisualStudioVersion = 17.3.32929.385
MinimumVisualStudioVersion = 10.0.40219.1
Project("{FAE04EC0-301F-11D3-BF4B-00C04F79EFBC}") = "CS102-Session3-operator-textbox", "CS102-Session3-operator-textbox\CS102-Session3-operator-textbox.csproj", "{43EA868A-3361-4E54-8487-6837B33AC4A3}"
EndProject
Global
	GlobalSection(SolutionConfigurationPlatforms) = preSolution
		Debug|Any CPU = Debug|Any CPU
		Release|Any CPU = Release|Any CPU
	EndGlobalSection
	GlobalSection(ProjectConfigurationPlatforms) = postSolution
		{43EA868A-3361-4E54-8487-6837B33AC4A3}.Debug|Any CPU.ActiveCfg = Debug|Any CPU
		{43EA868A-3361-4E54-8487-6837B33AC4A3}.Debug|Any CPU.Build.0 = Debug|Any CPU
		{43EA868A-3361-4E54-8487-6837B33AC4A3}.Release|Any CPU.ActiveCfg = Release|Any CPU
		{43EA868A-3361-4E54-8487-6837B33AC4A3}.Release|Any CPU.Build.0 = Release|Any CPU
	EndGlobalSection
	GlobalSection(SolutionProperties) = preSolution
		HideSolutionNode = FALSE
	EndGlobalSection
	GlobalSection(ExtensibilityGlobals) = postSolution
		SolutionGuid = {D38BE0CE-8BC6-40F2-8861-F58CB4E77206}
	EndGlobalSection
EndGlobal
