
Microsoft Visual Studio Solution File, Format Version 12.00
# Visual Studio Version 17
VisualStudioVersion = 17.4.33110.190
MinimumVisualStudioVersion = 10.0.40219.1
Project("{FAE04EC0-301F-11D3-BF4B-00C04F79EFBC}") = "Weight-App", "Weight-App.csproj", "{047ACDC0-DAE2-4589-9EE2-C4CFE0000573}"
EndProject
Global
	GlobalSection(SolutionConfigurationPlatforms) = preSolution
		Debug|Any CPU = Debug|Any CPU
		Release|Any CPU = Release|Any CPU
	EndGlobalSection
	GlobalSection(ProjectConfigurationPlatforms) = postSolution
		{047ACDC0-DAE2-4589-9EE2-C4CFE0000573}.Debug|Any CPU.ActiveCfg = Debug|Any CPU
		{047ACDC0-DAE2-4589-9EE2-C4CFE0000573}.Debug|Any CPU.Build.0 = Debug|Any CPU
		{047ACDC0-DAE2-4589-9EE2-C4CFE0000573}.Release|Any CPU.ActiveCfg = Release|Any CPU
		{047ACDC0-DAE2-4589-9EE2-C4CFE0000573}.Release|Any CPU.Build.0 = Release|Any CPU
	EndGlobalSection
	GlobalSection(SolutionProperties) = preSolution
		HideSolutionNode = FALSE
	EndGlobalSection
	GlobalSection(ExtensibilityGlobals) = postSolution
		SolutionGuid = {F8A3340B-ECDF-4EEE-BF38-33C87D37906B}
	EndGlobalSection
EndGlobal
