
Microsoft Visual Studio Solution File, Format Version 12.00
# Visual Studio Version 17
VisualStudioVersion = 17.3.32929.385
MinimumVisualStudioVersion = 10.0.40219.1
Project("{FAE04EC0-301F-11D3-BF4B-00C04F79EFBC}") = "CS102-Session4", "CS102-Session4.csproj", "{97F456B4-74CD-4445-AC50-6005E3DF9E6D}"
EndProject
Global
	GlobalSection(SolutionConfigurationPlatforms) = preSolution
		Debug|Any CPU = Debug|Any CPU
		Release|Any CPU = Release|Any CPU
	EndGlobalSection
	GlobalSection(ProjectConfigurationPlatforms) = postSolution
		{97F456B4-74CD-4445-AC50-6005E3DF9E6D}.Debug|Any CPU.ActiveCfg = Debug|Any CPU
		{97F456B4-74CD-4445-AC50-6005E3DF9E6D}.Debug|Any CPU.Build.0 = Debug|Any CPU
		{97F456B4-74CD-4445-AC50-6005E3DF9E6D}.Release|Any CPU.ActiveCfg = Release|Any CPU
		{97F456B4-74CD-4445-AC50-6005E3DF9E6D}.Release|Any CPU.Build.0 = Release|Any CPU
	EndGlobalSection
	GlobalSection(SolutionProperties) = preSolution
		HideSolutionNode = FALSE
	EndGlobalSection
	GlobalSection(ExtensibilityGlobals) = postSolution
		SolutionGuid = {C9B3D57B-D84E-4694-8C8B-9B45E984ED1A}
	EndGlobalSection
EndGlobal
